
Microsoft Visual Studio Solution File, Format Version 12.00
# Visual Studio Version 16
VisualStudioVersion = 16.0.31019.35
MinimumVisualStudioVersion = 10.0.40219.1
Project("{FAE04EC0-301F-11D3-BF4B-00C04F79EFBC}") = "CommittingChaCha20Poly1305", "CommittingChaCha20Poly1305\CommittingChaCha20Poly1305.csproj", "{79B95448-CCEA-46B3-A294-5B01ACD24812}"
EndProject
Global
	GlobalSection(SolutionConfigurationPlatforms) = preSolution
		Debug|Any CPU = Debug|Any CPU
		Release|Any CPU = Release|Any CPU
	EndGlobalSection
	GlobalSection(ProjectConfigurationPlatforms) = postSolution
		{79B95448-CCEA-46B3-A294-5B01ACD24812}.Debug|Any CPU.ActiveCfg = Debug|Any CPU
		{79B95448-CCEA-46B3-A294-5B01ACD24812}.Debug|Any CPU.Build.0 = Debug|Any CPU
		{79B95448-CCEA-46B3-A294-5B01ACD24812}.Release|Any CPU.ActiveCfg = Release|Any CPU
		{79B95448-CCEA-46B3-A294-5B01ACD24812}.Release|Any CPU.Build.0 = Release|Any CPU
	EndGlobalSection
	GlobalSection(SolutionProperties) = preSolution
		HideSolutionNode = FALSE
	EndGlobalSection
	GlobalSection(ExtensibilityGlobals) = postSolution
		SolutionGuid = {3130161B-4C14-4357-BC4D-7E7BEC6EEE37}
	EndGlobalSection
EndGlobal
